{
  "name": "reddit-rss",
  "version": "0.0.1",
  "lockfileVersion": 3,
  "requires": true,
  "packages": {
    "": {
      "name": "reddit-rss",
      "version": "0.0.1",
      "license": "Creative Commons Attribution 4.0 International",
      "dependencies": {
        "html-entities": "~1.2.0",
        "nodemailer": "~9.0.1"
      },
      "engines": {
        "node": ">=8"
      }
    },
    "node_modules/html-entities": {
      "version": "1.2.0",
      "engines": [
        "node >= 0.4.0"
      ],
      "license": "MIT"
    },
    "node_modules/nodemailer": {
      "version": "9.0.1",
      "resolved": "https://registry.npmjs.org/nodemailer/-/nodemailer-9.0.1.tgz",
      "integrity": "sha512-Gwv8SQewT616ZM/URn0H54b8PWo/Wum7md3EW2aWy1lO27+WZCX+Xyak3J+NlmHUjDh5ME+uesJUDRbR3Ye8Bw==",
      "license": "MIT-0",
      "engines": {
        "node": ">=6.0.0"
      }
    }
  }
}
