{
  "name": "reddit-rss",
  "version": "0.0.1",
  "lockfileVersion": 3,
  "requires": true,
  "packages": {
    "": {
      "name": "reddit-rss",
      "version": "0.0.1",
      "license": "Creative Commons Attribution 4.0 International",
      "dependencies": {
        "html-entities": "~1.2.0",
        "nodemailer": "~2.0.0"
      },
      "engines": {
        "node": ">=8"
      }
    },
    "node_modules/addressparser": {
      "version": "0.3.2",
      "license": "MIT"
    },
    "node_modules/buildmail": {
      "version": "3.0.1",
      "license": "MIT",
      "dependencies": {
        "addressparser": "0.3.2",
        "libbase64": "0.1.0",
        "libmime": "2.0.0",
        "libqp": "1.1.0",
        "nodemailer-fetch": "1.0.0",
        "nodemailer-shared": "1.0.2"
      }
    },
    "node_modules/clone": {
      "version": "1.0.2",
      "license": "MIT",
      "engines": {
        "node": ">=0.8"
      }
    },
    "node_modules/html-entities": {
      "version": "1.2.0",
      "engines": [
        "node >= 0.4.0"
      ],
      "license": "MIT"
    },
    "node_modules/iconv-lite": {
      "version": "0.4.13",
      "license": "MIT",
      "engines": {
        "node": ">=0.8.0"
      }
    },
    "node_modules/libbase64": {
      "version": "0.1.0",
      "license": "MIT"
    },
    "node_modules/libmime": {
      "version": "2.0.0",
      "license": "MIT",
      "dependencies": {
        "iconv-lite": "0.4.13",
        "libbase64": "0.1.0",
        "libqp": "1.1.0"
      }
    },
    "node_modules/libqp": {
      "version": "1.1.0",
      "license": "MIT"
    },
    "node_modules/mailcomposer": {
      "version": "3.0.1",
      "license": "MIT",
      "dependencies": {
        "buildmail": "3.0.1",
        "libmime": "2.0.0"
      }
    },
    "node_modules/nodemailer": {
      "version": "2.0.0",
      "license": "MIT",
      "dependencies": {
        "libmime": "2.0.0",
        "mailcomposer": "3.0.1",
        "nodemailer-direct-transport": "2.0.0",
        "nodemailer-shared": "1.0.2",
        "nodemailer-smtp-pool": "2.0.0",
        "nodemailer-smtp-transport": "2.0.0"
      },
      "engines": {
        "node": ">=0.10.0"
      }
    },
    "node_modules/nodemailer-direct-transport": {
      "version": "2.0.0",
      "license": "MIT",
      "dependencies": {
        "nodemailer-shared": "1.0.2",
        "smtp-connection": "2.0.0"
      }
    },
    "node_modules/nodemailer-fetch": {
      "version": "1.0.0",
      "license": "MIT"
    },
    "node_modules/nodemailer-shared": {
      "version": "1.0.2",
      "license": "MIT",
      "dependencies": {
        "nodemailer-fetch": "1.0.0"
      }
    },
    "node_modules/nodemailer-smtp-pool": {
      "version": "2.0.0",
      "license": "MIT",
      "dependencies": {
        "clone": "1.0.2",
        "nodemailer-shared": "1.0.2",
        "nodemailer-wellknown": "0.1.7",
        "smtp-connection": "2.0.0"
      }
    },
    "node_modules/nodemailer-smtp-transport": {
      "version": "2.0.0",
      "license": "MIT",
      "dependencies": {
        "clone": "1.0.2",
        "nodemailer-shared": "1.0.2",
        "nodemailer-wellknown": "0.1.7",
        "smtp-connection": "2.0.0"
      }
    },
    "node_modules/nodemailer-wellknown": {
      "version": "0.1.7",
      "license": "MIT"
    },
    "node_modules/smtp-connection": {
      "version": "2.0.0",
      "license": "MIT",
      "dependencies": {
        "nodemailer-shared": "1.0.2"
      }
    }
  }
}
